# This file was autogenerated by Stack.
# You should not edit this file by hand.
# For more information, please see the documentation at:
#   https://docs.haskellstack.org/en/stable/lock_files

packages:
- completed:
    hackage: natural-transformation-0.4@sha256:16c4faf5206bffafea9b768f8c0691a8396371bd1ab814bd4b5f38f5057ffb00,2205
    pantry-tree:
      size: 518
      sha256: 81e02ad76f1d4b0990baaaa1cb83eae2de6993cb5ffbfb5fbabdc4be1a1ec35c
  original:
    hackage: natural-transformation-0.4
- completed:
    name: concur-replica
    version: 0.1.0.0
    git: https://github.com/pkamenarsky/concur-replica.git
    pantry-tree:
      size: 1420
      sha256: 282d4e8a3caa4938748f6aea7dc07503595102b317ed730b9374bd252678226d
    commit: 0bcf622fce055be4cdc3793ef73a16e227384817
  original:
    git: https://github.com/pkamenarsky/concur-replica.git
    commit: 0bcf622fce055be4cdc3793ef73a16e227384817
- completed:
    name: replica
    version: 0.1.0.0
    git: https://github.com/pkamenarsky/replica.git
    pantry-tree:
      size: 1319
      sha256: 1b98fd6a367cd66308ce2ebaa2ef0d081f9f2f6f6fdcfb5a0e492a85c8d964a2
    commit: db4af3572705bb20222fff1203a1eea3ca5cd542
  original:
    git: https://github.com/pkamenarsky/replica.git
    commit: db4af3572705bb20222fff1203a1eea3ca5cd542
- completed:
    subdir: concur-core
    name: concur-core
    version: 0.1.0.0
    git: https://github.com/pkamenarsky/concur.git
    pantry-tree:
      size: 728
      sha256: e9659992361f602b836c6a72f5d62baf41755c264f1e419cbfcb1a5511dcb3df
    commit: 6c6bcc07b2688182945b28f154a013eee3f624c5
  original:
    subdir: concur-core
    git: https://github.com/pkamenarsky/concur.git
    commit: 6c6bcc07b2688182945b28f154a013eee3f624c5
snapshots:
- completed:
    size: 531718
    url: https://raw.githubusercontent.com/commercialhaskell/stackage-snapshots/master/lts/16/6.yaml
    sha256: 230a7266fc11f76222bd3bb68e9503ed11d553060a752f164bff6753ed03e271
  original: lts-16.6
